// !$*UTF8*$!
{
	archiveVersion = 1;
	classes = {
	};
	objectVersion = 46;
	objects = {

/* Begin PBXBuildFile section */
		FB9CCD991D6E82F200DAABD8 /* main.m in Sources */ = {isa = PBXBuildFile; fileRef = FB9CCD981D6E82F200DAABD8 /* main.m */; };
		FB9CCD9C1D6E82F200DAABD8 /* AppDelegate.m in Sources */ = {isa = PBXBuildFile; fileRef = FB9CCD9B1D6E82F200DAABD8 /* AppDelegate.m */; };
		FB9CCD9F1D6E82F200DAABD8 /* ViewController.m in Sources */ = {isa = PBXBuildFile; fileRef = FB9CCD9E1D6E82F200DAABD8 /* ViewController.m */; };
		FB9CCDA21D6E82F200DAABD8 /* Main.storyboard in Resources */ = {isa = PBXBuildFile; fileRef = FB9CCDA01D6E82F200DAABD8 /* Main.storyboard */; };
		FB9CCDA41D6E82F200DAABD8 /* Assets.xcassets in Resources */ = {isa = PBXBuildFile; fileRef = FB9CCDA31D6E82F200DAABD8 /* Assets.xcassets */; };
		FB9CCDA71D6E82F200DAABD8 /* LaunchScreen.storyboard in Resources */ = {isa = PBXBuildFile; fileRef = FB9CCDA51D6E82F200DAABD8 /* LaunchScreen.storyboard */; };
		FB9CCDB21D6E82F200DAABD8 /* JRNetWorkUITests.m in Sources */ = {isa = PBXBuildFile; fileRef = FB9CCDB11D6E82F200DAABD8 /* JRNetWorkUITests.m */; };
/* End PBXBuildFile section */

/* Begin PBXContainerItemProxy section */
		FB9CCDAE1D6E82F200DAABD8 /* PBXContainerItemProxy */ = {
			isa = PBXContainerItemProxy;
			containerPortal = FB9CCD8C1D6E82F200DAABD8 /* Project object */;
			proxyType = 1;
			remoteGlobalIDString = FB9CCD931D6E82F200DAABD8;
			remoteInfo = JRNetWork;
		};
/* End PBXContainerItemProxy section */

/* Begin PBXFileReference section */
		FB9CCD941D6E82F200DAABD8 /* JRNetWork.app */ = {isa = PBXFileReference; explicitFileType = wrapper.application; includeInIndex = 0; path = JRNetWork.app; sourceTree = BUILT_PRODUCTS_DIR; };
		FB9CCD981D6E82F200DAABD8 /* main.m */ = {isa = PBXFileReference; lastKnownFileType = sourcecode.c.objc; path = main.m; sourceTree = "<group>"; };
		FB9CCD9A1D6E82F200DAABD8 /* AppDelegate.h */ = {isa = PBXFileReference; lastKnownFileType = sourcecode.c.h; path = AppDelegate.h; sourceTree = "<group>"; };
		FB9CCD9B1D6E82F200DAABD8 /* AppDelegate.m */ = {isa = PBXFileReference; lastKnownFileType = sourcecode.c.objc; path = AppDelegate.m; sourceTree = "<group>"; };
		FB9CCD9D1D6E82F200DAABD8 /* ViewController.h */ = {isa = PBXFileReference; lastKnownFileType = sourcecode.c.h; path = ViewController.h; sourceTree = "<group>"; };
		FB9CCD9E1D6E82F200DAABD8 /* ViewController.m */ = {isa = PBXFileReference; lastKnownFileType = sourcecode.c.objc; path = ViewController.m; sourceTree = "<group>"; };
		FB9CCDA11D6E82F200DAABD8 /* Base */ = {isa = PBXFileReference; lastKnownFileType = file.storyboard; name = Base; path = Base.lproj/Main.storyboard; sourceTree = "<group>"; };
		FB9CCDA31D6E82F200DAABD8 /* Assets.xcassets */ = {isa = PBXFileReference; lastKnownFileType = folder.assetcatalog; path = Assets.xcassets; sourceTree = "<group>"; };
		FB9CCDA61D6E82F200DAABD8 /* Base */ = {isa = PBXFileReference; lastKnownFileType = file.storyboard; name = Base; path = Base.lproj/LaunchScreen.storyboard; sourceTree = "<group>"; };
		FB9CCDA81D6E82F200DAABD8 /* Info.plist */ = {isa = PBXFileReference; lastKnownFileType = text.plist.xml; path = Info.plist; sourceTree = "<group>"; };
		FB9CCDAD1D6E82F200DAABD8 /* JRNetWorkUITests.xctest */ = {isa = PBXFileReference; explicitFileType = wrapper.cfbundle; includeInIndex = 0; path = JRNetWorkUITests.xctest; sourceTree = BUILT_PRODUCTS_DIR; };
		FB9CCDB11D6E82F200DAABD8 /* JRNetWorkUITests.m */ = {isa = PBXFileReference; lastKnownFileType = sourcecode.c.objc; path = JRNetWorkUITests.m; sourceTree = "<group>"; };
		FB9CCDB31D6E82F200DAABD8 /* Info.plist */ = {isa = PBXFileReference; lastKnownFileType = text.plist.xml; path = Info.plist; sourceTree = "<group>"; };
/* End PBXFileReference section */

/* Begin PBXFrameworksBuildPhase section */
		FB9CCD911D6E82F200DAABD8 /* Frameworks */ = {
			isa = PBXFrameworksBuildPhase;
			buildActionMask = 2147483647;
			files = (
			);
			runOnlyForDeploymentPostprocessing = 0;
		};
		FB9CCDAA1D6E82F200DAABD8 /* Frameworks */ = {
			isa = PBXFrameworksBuildPhase;
			buildActionMask = 2147483647;
			files = (
			);
			runOnlyForDeploymentPostprocessing = 0;
		};
/* End PBXFrameworksBuildPhase section */

/* Begin PBXGroup section */
		FB9CCD8B1D6E82F200DAABD8 = {
			isa = PBXGroup;
			children = (
				FB9CCD961D6E82F200DAABD8 /* JRNetWork */,
				FB9CCDB01D6E82F200DAABD8 /* JRNetWorkUITests */,
				FB9CCD951D6E82F200DAABD8 /* Products */,
			);
			sourceTree = "<group>";
		};
		FB9CCD951D6E82F200DAABD8 /* Products */ = {
			isa = PBXGroup;
			children = (
				FB9CCD941D6E82F200DAABD8 /* JRNetWork.app */,
				FB9CCDAD1D6E82F200DAABD8 /* JRNetWorkUITests.xctest */,
			);
			name = Products;
			sourceTree = "<group>";
		};
		FB9CCD961D6E82F200DAABD8 /* JRNetWork */ = {
			isa = PBXGroup;
			children = (
				FB9CCD9A1D6E82F200DAABD8 /* AppDelegate.h */,
				FB9CCD9B1D6E82F200DAABD8 /* AppDelegate.m */,
				FB9CCD9D1D6E82F200DAABD8 /* ViewController.h */,
				FB9CCD9E1D6E82F200DAABD8 /* ViewController.m */,
				FB9CCDA01D6E82F200DAABD8 /* Main.storyboard */,
				FB9CCDA31D6E82F200DAABD8 /* Assets.xcassets */,
				FB9CCDA51D6E82F200DAABD8 /* LaunchScreen.storyboard */,
				FB9CCDA81D6E82F200DAABD8 /* Info.plist */,
				FB9CCD971D6E82F200DAABD8 /* Supporting Files */,
			);
			path = JRNetWork;
			sourceTree = "<group>";
		};
		FB9CCD971D6E82F200DAABD8 /* Supporting Files */ = {
			isa = PBXGroup;
			children = (
				FB9CCD981D6E82F200DAABD8 /* main.m */,
			);
			name = "Supporting Files";
			sourceTree = "<group>";
		};
		FB9CCDB01D6E82F200DAABD8 /* JRNetWorkUITests */ = {
			isa = PBXGroup;
			children = (
				FB9CCDB11D6E82F200DAABD8 /* JRNetWorkUITests.m */,
				FB9CCDB31D6E82F200DAABD8 /* Info.plist */,
			);
			path = JRNetWorkUITests;
			sourceTree = "<group>";
		};
/* End PBXGroup section */

/* Begin PBXNativeTarget section */
		FB9CCD931D6E82F200DAABD8 /* JRNetWork */ = {
			isa = PBXNativeTarget;
			buildConfigurationList = FB9CCDB61D6E82F200DAABD8 /* Build configuration list for PBXNativeTarget "JRNetWork" */;
			buildPhases = (
				FB9CCD901D6E82F200DAABD8 /* Sources */,
				FB9CCD911D6E82F200DAABD8 /* Frameworks */,
				FB9CCD921D6E82F200DAABD8 /* Resources */,
			);
			buildRules = (
			);
			dependencies = (
			);
			name = JRNetWork;
			productName = JRNetWork;
			productReference = FB9CCD941D6E82F200DAABD8 /* JRNetWork.app */;
			productType = "com.apple.product-type.application";
		};
		FB9CCDAC1D6E82F200DAABD8 /* JRNetWorkUITests */ = {
			isa = PBXNativeTarget;
			buildConfigurationList = FB9CCDB91D6E82F200DAABD8 /* Build configuration list for PBXNativeTarget "JRNetWorkUITests" */;
			buildPhases = (
				FB9CCDA91D6E82F200DAABD8 /* Sources */,
				FB9CCDAA1D6E82F200DAABD8 /* Frameworks */,
				FB9CCDAB1D6E82F200DAABD8 /* Resources */,
			);
			buildRules = (
			);
			dependencies = (
				FB9CCDAF1D6E82F200DAABD8 /* PBXTargetDependency */,
			);
			name = JRNetWorkUITests;
			productName = JRNetWorkUITests;
			productReference = FB9CCDAD1D6E82F200DAABD8 /* JRNetWorkUITests.xctest */;
			productType = "com.apple.product-type.bundle.ui-testing";
		};
/* End PBXNativeTarget section */

/* Begin PBXProject section */
		FB9CCD8C1D6E82F200DAABD8 /* Project object */ = {
			isa = PBXProject;
			attributes = {
				LastUpgradeCheck = 0720;
				ORGANIZATIONNAME = jereh;
				TargetAttributes = {
					FB9CCD931D6E82F200DAABD8 = {
						CreatedOnToolsVersion = 7.2.1;
						DevelopmentTeam = ZN36EGX4HS;
					};
					FB9CCDAC1D6E82F200DAABD8 = {
						CreatedOnToolsVersion = 7.2.1;
						DevelopmentTeam = ZN36EGX4HS;
						TestTargetID = FB9CCD931D6E82F200DAABD8;
					};
				};
			};
			buildConfigurationList = FB9CCD8F1D6E82F200DAABD8 /* Build configuration list for PBXProject "JRNetWork" */;
			compatibilityVersion = "Xcode 3.2";
			developmentRegion = English;
			hasScannedForEncodings = 0;
			knownRegions = (
				en,
				Base,
			);
			mainGroup = FB9CCD8B1D6E82F200DAABD8;
			productRefGroup = FB9CCD951D6E82F200DAABD8 /* Products */;
			projectDirPath = "";
			projectRoot = "";
			targets = (
				FB9CCD931D6E82F200DAABD8 /* JRNetWork */,
				FB9CCDAC1D6E82F200DAABD8 /* JRNetWorkUITests */,
			);
		};
/* End PBXProject section */

/* Begin PBXResourcesBuildPhase section */
		FB9CCD921D6E82F200DAABD8 /* Resources */ = {
			isa = PBXResourcesBuildPhase;
			buildActionMask = 2147483647;
			files = (
				FB9CCDA71D6E82F200DAABD8 /* LaunchScreen.storyboard in Resources */,
				FB9CCDA41D6E82F200DAABD8 /* Assets.xcassets in Resources */,
				FB9CCDA21D6E82F200DAABD8 /* Main.storyboard in Resources */,
			);
			runOnlyForDeploymentPostprocessing = 0;
		};
		FB9CCDAB1D6E82F200DAABD8 /* Resources */ = {
			isa = PBXResourcesBuildPhase;
			buildActionMask = 2147483647;
			files = (
			);
			runOnlyForDeploymentPostprocessing = 0;
		};
/* End PBXResourcesBuildPhase section */

/* Begin PBXSourcesBuildPhase section */
		FB9CCD901D6E82F200DAABD8 /* Sources */ = {
			isa = PBXSourcesBuildPhase;
			buildActionMask = 2147483647;
			files = (
				FB9CCD9F1D6E82F200DAABD8 /* ViewController.m in Sources */,
				FB9CCD9C1D6E82F200DAABD8 /* AppDelegate.m in Sources */,
				FB9CCD991D6E82F200DAABD8 /* main.m in Sources */,
			);
			runOnlyForDeploymentPostprocessing = 0;
		};
		FB9CCDA91D6E82F200DAABD8 /* Sources */ = {
			isa = PBXSourcesBuildPhase;
			buildActionMask = 2147483647;
			files = (
				FB9CCDB21D6E82F200DAABD8 /* JRNetWorkUITests.m in Sources */,
			);
			runOnlyForDeploymentPostprocessing = 0;
		};
/* End PBXSourcesBuildPhase section */

/* Begin PBXTargetDependency section */
		FB9CCDAF1D6E82F200DAABD8 /* PBXTargetDependency */ = {
			isa = PBXTargetDependency;
			target = FB9CCD931D6E82F200DAABD8 /* JRNetWork */;
			targetProxy = FB9CCDAE1D6E82F200DAABD8 /* PBXContainerItemProxy */;
		};
/* End PBXTargetDependency section */

/* Begin PBXVariantGroup section */
		FB9CCDA01D6E82F200DAABD8 /* Main.storyboard */ = {
			isa = PBXVariantGroup;
			children = (
				FB9CCDA11D6E82F200DAABD8 /* Base */,
			);
			name = Main.storyboard;
			sourceTree = "<group>";
		};
		FB9CCDA51D6E82F200DAABD8 /* LaunchScreen.storyboard */ = {
			isa = PBXVariantGroup;
			children = (
				FB9CCDA61D6E82F200DAABD8 /* Base */,
			);
			name = LaunchScreen.storyboard;
			sourceTree = "<group>";
		};
/* End PBXVariantGroup section */

/* Begin XCBuildConfiguration section */
		FB9CCDB41D6E82F200DAABD8 /* Debug */ = {
			isa = XCBuildConfiguration;
			buildSettings = {
				ALWAYS_SEARCH_USER_PATHS = NO;
				CLANG_CXX_LANGUAGE_STANDARD = "gnu++0x";
				CLANG_CXX_LIBRARY = "libc++";
				CLANG_ENABLE_MODULES = YES;
				CLANG_ENABLE_OBJC_ARC = YES;
				CLANG_WARN_BOOL_CONVERSION = YES;
				CLANG_WARN_CONSTANT_CONVERSION = YES;
				CLANG_WARN_DIRECT_OBJC_ISA_USAGE = YES_ERROR;
				CLANG_WARN_EMPTY_BODY = YES;
				CLANG_WARN_ENUM_CONVERSION = YES;
				CLANG_WARN_INT_CONVERSION = YES;
				CLANG_WARN_OBJC_ROOT_CLASS = YES_ERROR;
				CLANG_WARN_UNREACHABLE_CODE = YES;
				CLANG_WARN__DUPLICATE_METHOD_MATCH = YES;
				"CODE_SIGN_IDENTITY[sdk=iphoneos*]" = "iPhone Developer";
				COPY_PHASE_STRIP = NO;
				DEBUG_INFORMATION_FORMAT = dwarf;
				ENABLE_STRICT_OBJC_MSGSEND = YES;
				ENABLE_TESTABILITY = YES;
				GCC_C_LANGUAGE_STANDARD = gnu99;
				GCC_DYNAMIC_NO_PIC = NO;
				GCC_NO_COMMON_BLOCKS = YES;
				GCC_OPTIMIZATION_LEVEL = 0;
				GCC_PREPROCESSOR_DEFINITIONS = (
					"DEBUG=1",
					"$(inherited)",
				);
				GCC_WARN_64_TO_32_BIT_CONVERSION = YES;
				GCC_WARN_ABOUT_RETURN_TYPE = YES_ERROR;
				GCC_WARN_UNDECLARED_SELECTOR = YES;
				GCC_WARN_UNINITIALIZED_AUTOS = YES_AGGRESSIVE;
				GCC_WARN_UNUSED_FUNCTION = YES;
				GCC_WARN_UNUSED_VARIABLE = YES;
				IPHONEOS_DEPLOYMENT_TARGET = 9.2;
				MTL_ENABLE_DEBUG_INFO = YES;
				ONLY_ACTIVE_ARCH = YES;
				SDKROOT = iphoneos;
			};
			name = Debug;
		};
		FB9CCDB51D6E82F200DAABD8 /* Release */ = {
			isa = XCBuildConfiguration;
			buildSettings = {
				ALWAYS_SEARCH_USER_PATHS = NO;
				CLANG_CXX_LANGUAGE_STANDARD = "gnu++0x";
				CLANG_CXX_LIBRARY = "libc++";
				CLANG_ENABLE_MODULES = YES;
				CLANG_ENABLE_OBJC_ARC = YES;
				CLANG_WARN_BOOL_CONVERSION = YES;
				CLANG_WARN_CONSTANT_CONVERSION = YES;
				CLANG_WARN_DIRECT_OBJC_ISA_USAGE = YES_ERROR;
				CLANG_WARN_EMPTY_BODY = YES;
				CLANG_WARN_ENUM_CONVERSION = YES;
				CLANG_WARN_INT_CONVERSION = YES;
				CLANG_WARN_OBJC_ROOT_CLASS = YES_ERROR;
				CLANG_WARN_UNREACHABLE_CODE = YES;
				CLANG_WARN__DUPLICATE_METHOD_MATCH = YES;
				"CODE_SIGN_IDENTITY[sdk=iphoneos*]" = "iPhone Developer";
				COPY_PHASE_STRIP = NO;
				DEBUG_INFORMATION_FORMAT = "dwarf-with-dsym";
				ENABLE_NS_ASSERTIONS = NO;
				ENABLE_STRICT_OBJC_MSGSEND = YES;
				GCC_C_LANGUAGE_STANDARD = gnu99;
				GCC_NO_COMMON_BLOCKS = YES;
				GCC_WARN_64_TO_32_BIT_CONVERSION = YES;
				GCC_WARN_ABOUT_RETURN_TYPE = YES_ERROR;
				GCC_WARN_UNDECLARED_SELECTOR = YES;
				GCC_WARN_UNINITIALIZED_AUTOS = YES_AGGRESSIVE;
				GCC_WARN_UNUSED_FUNCTION = YES;
				GCC_WARN_UNUSED_VARIABLE = YES;
				IPHONEOS_DEPLOYMENT_TARGET = 9.2;
				MTL_ENABLE_DEBUG_INFO = NO;
				SDKROOT = iphoneos;
				VALIDATE_PRODUCT = YES;
			};
			name = Release;
		};
		FB9CCDB71D6E82F200DAABD8 /* Debug */ = {
			isa = XCBuildConfiguration;
			buildSettings = {
				ASSETCATALOG_COMPILER_APPICON_NAME = AppIcon;
				INFOPLIST_FILE = JRNetWork/Info.plist;
				LD_RUNPATH_SEARCH_PATHS = "$(inherited) @executable_path/Frameworks";
				PRODUCT_BUNDLE_IDENTIFIER = com.jereh.JRNetWork;
				PRODUCT_NAME = "$(TARGET_NAME)";
			};
			name = Debug;
		};
		FB9CCDB81D6E82F200DAABD8 /* Release */ = {
			isa = XCBuildConfiguration;
			buildSettings = {
				ASSETCATALOG_COMPILER_APPICON_NAME = AppIcon;
				INFOPLIST_FILE = JRNetWork/Info.plist;
				LD_RUNPATH_SEARCH_PATHS = "$(inherited) @executable_path/Frameworks";
				PRODUCT_BUNDLE_IDENTIFIER = com.jereh.JRNetWork;
				PRODUCT_NAME = "$(TARGET_NAME)";
			};
			name = Release;
		};
		FB9CCDBA1D6E82F200DAABD8 /* Debug */ = {
			isa = XCBuildConfiguration;
			buildSettings = {
				INFOPLIST_FILE = JRNetWorkUITests/Info.plist;
				LD_RUNPATH_SEARCH_PATHS = "$(inherited) @executable_path/Frameworks @loader_path/Frameworks";
				PRODUCT_BUNDLE_IDENTIFIER = com.jereh.JRNetWorkUITests;
				PRODUCT_NAME = "$(TARGET_NAME)";
				TEST_TARGET_NAME = JRNetWork;
				USES_XCTRUNNER = YES;
			};
			name = Debug;
		};
		FB9CCDBB1D6E82F200DAABD8 /* Release */ = {
			isa = XCBuildConfiguration;
			buildSettings = {
				INFOPLIST_FILE = JRNetWorkUITests/Info.plist;
				LD_RUNPATH_SEARCH_PATHS = "$(inherited) @executable_path/Frameworks @loader_path/Frameworks";
				PRODUCT_BUNDLE_IDENTIFIER = com.jereh.JRNetWorkUITests;
				PRODUCT_NAME = "$(TARGET_NAME)";
				TEST_TARGET_NAME = JRNetWork;
				USES_XCTRUNNER = YES;
			};
			name = Release;
		};
/* End XCBuildConfiguration section */

/* Begin XCConfigurationList section */
		FB9CCD8F1D6E82F200DAABD8 /* Build configuration list for PBXProject "JRNetWork" */ = {
			isa = XCConfigurationList;
			buildConfigurations = (
				FB9CCDB41D6E82F200DAABD8 /* Debug */,
				FB9CCDB51D6E82F200DAABD8 /* Release */,
			);
			defaultConfigurationIsVisible = 0;
			defaultConfigurationName = Release;
		};
		FB9CCDB61D6E82F200DAABD8 /* Build configuration list for PBXNativeTarget "JRNetWork" */ = {
			isa = XCConfigurationList;
			buildConfigurations = (
				FB9CCDB71D6E82F200DAABD8 /* Debug */,
				FB9CCDB81D6E82F200DAABD8 /* Release */,
			);
			defaultConfigurationIsVisible = 0;
		};
		FB9CCDB91D6E82F200DAABD8 /* Build configuration list for PBXNativeTarget "JRNetWorkUITests" */ = {
			isa = XCConfigurationList;
			buildConfigurations = (
				FB9CCDBA1D6E82F200DAABD8 /* Debug */,
				FB9CCDBB1D6E82F200DAABD8 /* Release */,
			);
			defaultConfigurationIsVisible = 0;
		};
/* End XCConfigurationList section */
	};
	rootObject = FB9CCD8C1D6E82F200DAABD8 /* Project object */;
}
